
Microsoft Visual Studio Solution File, Format Version 12.00
# Visual Studio Version 16
VisualStudioVersion = 16.0.29123.88
MinimumVisualStudioVersion = 10.0.40219.1
Project("{FAE04EC0-301F-11D3-BF4B-00C04F79EFBC}") = "scramblemirror", "scramblemirror\scramblemirror.csproj", "{9B64D26A-560F-451D-8D57-75499A30D6FC}"
EndProject
Global
	GlobalSection(SolutionConfigurationPlatforms) = preSolution
		Debug|Any CPU = Debug|Any CPU
		Release|Any CPU = Release|Any CPU
	EndGlobalSection
	GlobalSection(ProjectConfigurationPlatforms) = postSolution
		{9B64D26A-560F-451D-8D57-75499A30D6FC}.Debug|Any CPU.ActiveCfg = Debug|Any CPU
		{9B64D26A-560F-451D-8D57-75499A30D6FC}.Debug|Any CPU.Build.0 = Debug|Any CPU
		{9B64D26A-560F-451D-8D57-75499A30D6FC}.Release|Any CPU.ActiveCfg = Release|Any CPU
		{9B64D26A-560F-451D-8D57-75499A30D6FC}.Release|Any CPU.Build.0 = Release|Any CPU
	EndGlobalSection
	GlobalSection(SolutionProperties) = preSolution
		HideSolutionNode = FALSE
	EndGlobalSection
	GlobalSection(ExtensibilityGlobals) = postSolution
		SolutionGuid = {D4A7772C-110D-48AC-B577-C65DF1E344BA}
	EndGlobalSection
EndGlobal
